
Microsoft Visual Studio Solution File, Format Version 12.00
# Visual Studio 15
VisualStudioVersion = 15.0.28010.2016
MinimumVisualStudioVersion = 10.0.40219.1
Project("{FAE04EC0-301F-11D3-BF4B-00C04F79EFBC}") = "UI", "UI\UI.csproj", "{88A41B2F-A122-4387-9A07-5752DB1EA017}"
EndProject
Project("{FAE04EC0-301F-11D3-BF4B-00C04F79EFBC}") = "Helpers", "Helpers\Helpers.csproj", "{55FC9E95-71A7-4563-82BC-A0357C673092}"
EndProject
Project("{FAE04EC0-301F-11D3-BF4B-00C04F79EFBC}") = "Core", "Core\Core.csproj", "{424CE168-8013-4B55-AC08-3401C1B1C606}"
EndProject
Project("{FAE04EC0-301F-11D3-BF4B-00C04F79EFBC}") = "WPF_Presentation", "TestProject\WPF_Presentation.csproj", "{831120EC-59C7-4729-9797-FA4DF62FE252}"
EndProject
Project("{FAE04EC0-301F-11D3-BF4B-00C04F79EFBC}") = "TestApplication_Tests", "TestApplication_Tests\TestApplication_Tests.csproj", "{67371A98-AB34-40F5-96D4-E3178B43A817}"
EndProject
Global
	GlobalSection(SolutionConfigurationPlatforms) = preSolution
		Debug|Any CPU = Debug|Any CPU
		Release|Any CPU = Release|Any CPU
	EndGlobalSection
	GlobalSection(ProjectConfigurationPlatforms) = postSolution
		{88A41B2F-A122-4387-9A07-5752DB1EA017}.Debug|Any CPU.ActiveCfg = Debug|Any CPU
		{88A41B2F-A122-4387-9A07-5752DB1EA017}.Debug|Any CPU.Build.0 = Debug|Any CPU
		{88A41B2F-A122-4387-9A07-5752DB1EA017}.Release|Any CPU.ActiveCfg = Release|Any CPU
		{88A41B2F-A122-4387-9A07-5752DB1EA017}.Release|Any CPU.Build.0 = Release|Any CPU
		{55FC9E95-71A7-4563-82BC-A0357C673092}.Debug|Any CPU.ActiveCfg = Debug|Any CPU
		{55FC9E95-71A7-4563-82BC-A0357C673092}.Debug|Any CPU.Build.0 = Debug|Any CPU
		{55FC9E95-71A7-4563-82BC-A0357C673092}.Release|Any CPU.ActiveCfg = Release|Any CPU
		{55FC9E95-71A7-4563-82BC-A0357C673092}.Release|Any CPU.Build.0 = Release|Any CPU
		{424CE168-8013-4B55-AC08-3401C1B1C606}.Debug|Any CPU.ActiveCfg = Debug|Any CPU
		{424CE168-8013-4B55-AC08-3401C1B1C606}.Debug|Any CPU.Build.0 = Debug|Any CPU
		{424CE168-8013-4B55-AC08-3401C1B1C606}.Release|Any CPU.ActiveCfg = Release|Any CPU
		{424CE168-8013-4B55-AC08-3401C1B1C606}.Release|Any CPU.Build.0 = Release|Any CPU
		{831120EC-59C7-4729-9797-FA4DF62FE252}.Debug|Any CPU.ActiveCfg = Debug|Any CPU
		{831120EC-59C7-4729-9797-FA4DF62FE252}.Debug|Any CPU.Build.0 = Debug|Any CPU
		{831120EC-59C7-4729-9797-FA4DF62FE252}.Release|Any CPU.ActiveCfg = Release|Any CPU
		{831120EC-59C7-4729-9797-FA4DF62FE252}.Release|Any CPU.Build.0 = Release|Any CPU
		{67371A98-AB34-40F5-96D4-E3178B43A817}.Debug|Any CPU.ActiveCfg = Debug|Any CPU
		{67371A98-AB34-40F5-96D4-E3178B43A817}.Debug|Any CPU.Build.0 = Debug|Any CPU
		{67371A98-AB34-40F5-96D4-E3178B43A817}.Release|Any CPU.ActiveCfg = Release|Any CPU
		{67371A98-AB34-40F5-96D4-E3178B43A817}.Release|Any CPU.Build.0 = Release|Any CPU
	EndGlobalSection
	GlobalSection(SolutionProperties) = preSolution
		HideSolutionNode = FALSE
	EndGlobalSection
	GlobalSection(ExtensibilityGlobals) = postSolution
		SolutionGuid = {657142A4-380D-4B8D-95FD-DE789AAEE1C7}
	EndGlobalSection
EndGlobal
